
Microsoft Visual Studio Solution File, Format Version 12.00
# Visual Studio Version 17
VisualStudioVersion = 17.12.35527.113 d17.12
MinimumVisualStudioVersion = 10.0.40219.1
Project("{FAE04EC0-301F-11D3-BF4B-00C04F79EFBC}") = "HealthProyectNET6", "HealthProyectNET6\HealthProyectNET6.csproj", "{8A38E7FF-CBDA-400A-B861-D26B7352672C}"
EndProject
Project("{2150E333-8FDC-42A3-9474-1A3956D46DE8}") = "Solution Items", "Solution Items", "{ED7D8401-5B26-423F-BB40-15BA6BD663F2}"
	ProjectSection(SolutionItems) = preProject
		Readme.md = Readme.md
	EndProjectSection
EndProject
Global
	GlobalSection(SolutionConfigurationPlatforms) = preSolution
		Debug|Any CPU = Debug|Any CPU
		Release|Any CPU = Release|Any CPU
	EndGlobalSection
	GlobalSection(ProjectConfigurationPlatforms) = postSolution
		{8A38E7FF-CBDA-400A-B861-D26B7352672C}.Debug|Any CPU.ActiveCfg = Debug|Any CPU
		{8A38E7FF-CBDA-400A-B861-D26B7352672C}.Debug|Any CPU.Build.0 = Debug|Any CPU
		{8A38E7FF-CBDA-400A-B861-D26B7352672C}.Release|Any CPU.ActiveCfg = Release|Any CPU
		{8A38E7FF-CBDA-400A-B861-D26B7352672C}.Release|Any CPU.Build.0 = Release|Any CPU
	EndGlobalSection
	GlobalSection(SolutionProperties) = preSolution
		HideSolutionNode = FALSE
	EndGlobalSection
EndGlobal
